
Microsoft Visual Studio Solution File, Format Version 12.00
# Visual Studio Version 16
VisualStudioVersion = 16.0.32510.428
MinimumVisualStudioVersion = 10.0.40219.1
Project("{FAE04EC0-301F-11D3-BF4B-00C04F79EFBC}") = "forTable", "forTable\forTable.csproj", "{0C50D202-A3D6-4B55-9062-28BC509C0051}"
EndProject
Global
	GlobalSection(SolutionConfigurationPlatforms) = preSolution
		Debug|Any CPU = Debug|Any CPU
		Release|Any CPU = Release|Any CPU
	EndGlobalSection
	GlobalSection(ProjectConfigurationPlatforms) = postSolution
		{0C50D202-A3D6-4B55-9062-28BC509C0051}.Debug|Any CPU.ActiveCfg = Debug|Any CPU
		{0C50D202-A3D6-4B55-9062-28BC509C0051}.Debug|Any CPU.Build.0 = Debug|Any CPU
		{0C50D202-A3D6-4B55-9062-28BC509C0051}.Release|Any CPU.ActiveCfg = Release|Any CPU
		{0C50D202-A3D6-4B55-9062-28BC509C0051}.Release|Any CPU.Build.0 = Release|Any CPU
	EndGlobalSection
	GlobalSection(SolutionProperties) = preSolution
		HideSolutionNode = FALSE
	EndGlobalSection
	GlobalSection(ExtensibilityGlobals) = postSolution
		SolutionGuid = {75D32EC1-476D-47F3-8F6E-5FB07A78A964}
	EndGlobalSection
EndGlobal
